
Microsoft Visual Studio Solution File, Format Version 12.00
# Visual Studio Version 17
VisualStudioVersion = 17.8.34525.116
MinimumVisualStudioVersion = 10.0.40219.1
Project("{9A19103F-16F7-4668-BE54-9A1E7A4F7556}") = "IdentityExample", "IdentityExample\IdentityExample.csproj", "{E20ACCDC-8505-457A-A9CF-FBCE296C9453}"
EndProject
Project("{9A19103F-16F7-4668-BE54-9A1E7A4F7556}") = "IdentityExample.Constants", "IdentityExample.Constants\IdentityExample.Constants.csproj", "{23FC0D4D-9784-4587-B73E-B6D4E2D939BD}"
EndProject
Project("{9A19103F-16F7-4668-BE54-9A1E7A4F7556}") = "IdentityExample.DataAccess", "IdentityExample.DataAccess\IdentityExample.DataAccess.csproj", "{AD15C0BC-6956-4B57-80DA-4AB14DE3A648}"
EndProject
Project("{2150E333-8FDC-42A3-9474-1A3956D46DE8}") = "Solution Items", "Solution Items", "{8A69759C-F025-4930-A3E7-FE4E04A018E0}"
	ProjectSection(SolutionItems) = preProject
		IdentityExample.Models\IdentityExample.Models.csproj = IdentityExample.Models\IdentityExample.Models.csproj
	EndProjectSection
EndProject
Project("{9A19103F-16F7-4668-BE54-9A1E7A4F7556}") = "IdentityExample.Models", "IdentityExample.Models\IdentityExample.Models.csproj", "{8E80DCDC-31A7-491F-ACBE-D557C8FD44FB}"
EndProject
Project("{9A19103F-16F7-4668-BE54-9A1E7A4F7556}") = "IdentityExample.Utility", "IdentityExample.Utility\IdentityExample.Utility.csproj", "{7E11FD19-5B17-4B2D-BF5E-DB3DCF09F334}"
EndProject
Global
	GlobalSection(SolutionConfigurationPlatforms) = preSolution
		Debug|Any CPU = Debug|Any CPU
		Release|Any CPU = Release|Any CPU
	EndGlobalSection
	GlobalSection(ProjectConfigurationPlatforms) = postSolution
		{E20ACCDC-8505-457A-A9CF-FBCE296C9453}.Debug|Any CPU.ActiveCfg = Debug|Any CPU
		{E20ACCDC-8505-457A-A9CF-FBCE296C9453}.Debug|Any CPU.Build.0 = Debug|Any CPU
		{E20ACCDC-8505-457A-A9CF-FBCE296C9453}.Release|Any CPU.ActiveCfg = Release|Any CPU
		{E20ACCDC-8505-457A-A9CF-FBCE296C9453}.Release|Any CPU.Build.0 = Release|Any CPU
		{23FC0D4D-9784-4587-B73E-B6D4E2D939BD}.Debug|Any CPU.ActiveCfg = Debug|Any CPU
		{23FC0D4D-9784-4587-B73E-B6D4E2D939BD}.Debug|Any CPU.Build.0 = Debug|Any CPU
		{23FC0D4D-9784-4587-B73E-B6D4E2D939BD}.Release|Any CPU.ActiveCfg = Release|Any CPU
		{23FC0D4D-9784-4587-B73E-B6D4E2D939BD}.Release|Any CPU.Build.0 = Release|Any CPU
		{AD15C0BC-6956-4B57-80DA-4AB14DE3A648}.Debug|Any CPU.ActiveCfg = Debug|Any CPU
		{AD15C0BC-6956-4B57-80DA-4AB14DE3A648}.Debug|Any CPU.Build.0 = Debug|Any CPU
		{AD15C0BC-6956-4B57-80DA-4AB14DE3A648}.Release|Any CPU.ActiveCfg = Release|Any CPU
		{AD15C0BC-6956-4B57-80DA-4AB14DE3A648}.Release|Any CPU.Build.0 = Release|Any CPU
		{8E80DCDC-31A7-491F-ACBE-D557C8FD44FB}.Debug|Any CPU.ActiveCfg = Debug|Any CPU
		{8E80DCDC-31A7-491F-ACBE-D557C8FD44FB}.Debug|Any CPU.Build.0 = Debug|Any CPU
		{8E80DCDC-31A7-491F-ACBE-D557C8FD44FB}.Release|Any CPU.ActiveCfg = Release|Any CPU
		{8E80DCDC-31A7-491F-ACBE-D557C8FD44FB}.Release|Any CPU.Build.0 = Release|Any CPU
		{7E11FD19-5B17-4B2D-BF5E-DB3DCF09F334}.Debug|Any CPU.ActiveCfg = Debug|Any CPU
		{7E11FD19-5B17-4B2D-BF5E-DB3DCF09F334}.Debug|Any CPU.Build.0 = Debug|Any CPU
		{7E11FD19-5B17-4B2D-BF5E-DB3DCF09F334}.Release|Any CPU.ActiveCfg = Release|Any CPU
		{7E11FD19-5B17-4B2D-BF5E-DB3DCF09F334}.Release|Any CPU.Build.0 = Release|Any CPU
	EndGlobalSection
	GlobalSection(SolutionProperties) = preSolution
		HideSolutionNode = FALSE
	EndGlobalSection
	GlobalSection(ExtensibilityGlobals) = postSolution
		SolutionGuid = {4081966F-51C7-4C29-9495-3EEAA57B732E}
	EndGlobalSection
EndGlobal
